<?xml version="1.0" encoding="utf-8"?>
<Project ToolsVersion="4.0" xmlns="http://schemas.microsoft.com/developer/msbuild/2003">
  <ItemGroup>
    <Filter Include="Source Files">
      <UniqueIdentifier>{4FC737F1-C7A5-4376-A066-2A32D752A2FF}</UniqueIdentifier>
      <Extensions>cpp;c;cc;cxx;c++;cppm;ixx;def;odl;idl;hpj;bat;asm;asmx</Extensions>
    </Filter>
    <Filter Include="Header Files">
      <UniqueIdentifier>{93995380-89BD-4b04-88EB-625FBE52EBFB}</UniqueIdentifier>
      <Extensions>h;hh;hpp;hxx;h++;hm;inl;inc;ipp;xsd</Extensions>
    </Filter>
    <Filter Include="Resource Files">
      <UniqueIdentifier>{67DA6AB6-F800-4c08-8B7A-83BB121AAD01}</UniqueIdentifier>
      <Extensions>rc;ico;cur;bmp;dlg;rc2;rct;bin;rgs;gif;jpg;jpeg;jpe;resx;tiff;tif;png;wav;mfcribbon-ms</Extensions>
    </Filter>
    <Filter Include="Source Files\Opencl">
      <UniqueIdentifier>{2bf25331-6275-4e9c-80ae-aeb3f80733a8}</UniqueIdentifier>
    </Filter>
  </ItemGroup>
  <ItemGroup>
    <ClInclude Include="TestMFC_1.h">
      <Filter>Header Files</Filter>
    </ClInclude>
    <ClInclude Include="TestMFC_1Dlg.h">
      <Filter>Header Files</Filter>
    </ClInclude>
    <ClInclude Include="framework.h">
      <Filter>Header Files</Filter>
    </ClInclude>
    <ClInclude Include="targetver.h">
      <Filter>Header Files</Filter>
    </ClInclude>
    <ClInclude Include="Resource.h">
      <Filter>Header Files</Filter>
    </ClInclude>
    <ClInclude Include="pch.h">
      <Filter>Header Files</Filter>
    </ClInclude>
    <ClInclude Include="ImageViewer.h">
      <Filter>Header Files</Filter>
    </ClInclude>
    <ClInclude Include="xFilters.h">
      <Filter>Header Files</Filter>
    </ClInclude>
    <ClInclude Include="xImage.h">
      <Filter>Header Files</Filter>
    </ClInclude>
    <ClInclude Include="xDefines.h">
      <Filter>Header Files</Filter>
    </ClInclude>
    <ClInclude Include="cMemoryDeviceContext.h">
      <Filter>Header Files</Filter>
    </ClInclude>
    <ClInclude Include="xCSliderCtrl.h">
      <Filter>Header Files</Filter>
    </ClInclude>
    <ClInclude Include="utility.h">
      <Filter>Header Files</Filter>
    </ClInclude>
  </ItemGroup>
  <ItemGroup>
    <ClCompile Include="TestMFC_1.cpp">
      <Filter>Source Files</Filter>
    </ClCompile>
    <ClCompile Include="TestMFC_1Dlg.cpp">
      <Filter>Source Files</Filter>
    </ClCompile>
    <ClCompile Include="pch.cpp">
      <Filter>Source Files</Filter>
    </ClCompile>
    <ClCompile Include="ImageViewer.cpp">
      <Filter>Source Files</Filter>
    </ClCompile>
    <ClCompile Include="xFilters.cpp">
      <Filter>Source Files</Filter>
    </ClCompile>
    <ClCompile Include="xImage.cpp">
      <Filter>Source Files</Filter>
    </ClCompile>
    <ClCompile Include="cMemoryDeviceContext.cpp">
      <Filter>Source Files</Filter>
    </ClCompile>
    <ClCompile Include="xCSliderCtrl.cpp">
      <Filter>Source Files</Filter>
    </ClCompile>
    <ClCompile Include="utility.cpp">
      <Filter>Source Files</Filter>
    </ClCompile>
  </ItemGroup>
  <ItemGroup>
    <ResourceCompile Include="TestMFC1.rc">
      <Filter>Resource Files</Filter>
    </ResourceCompile>
  </ItemGroup>
  <ItemGroup>
    <None Include="res\TestMFC1.rc2">
      <Filter>Resource Files</Filter>
    </None>
    <None Include="xfilterOpenCl.cl">
      <Filter>Source Files\Opencl</Filter>
    </None>
    <None Include="xfilterOpenCl1.cl">
      <Filter>Source Files\Opencl</Filter>
    </None>
  </ItemGroup>
  <ItemGroup>
    <Image Include="res\TestMFC_1.ico">
      <Filter>Resource Files</Filter>
    </Image>
  </ItemGroup>
</Project>